// !$*UTF8*$!
{
	archiveVersion = 1;
	classes = {
	};
	objectVersion = 46;
	objects = {

/* Begin PBXBuildFile section */
		6A0423671B2738DF00644F24 /* AppDelegate.swift in Sources */ = {isa = PBXBuildFile; fileRef = 6A0423661B2738DF00644F24 /* AppDelegate.swift */; };
		6A0423691B2738DF00644F24 /* ViewController.swift in Sources */ = {isa = PBXBuildFile; fileRef = 6A0423681B2738DF00644F24 /* ViewController.swift */; };
		6A04236C1B2738DF00644F24 /* Main.storyboard in Resources */ = {isa = PBXBuildFile; fileRef = 6A04236A1B2738DF00644F24 /* Main.storyboard */; };
		6A04236E1B2738DF00644F24 /* Images.xcassets in Resources */ = {isa = PBXBuildFile; fileRef = 6A04236D1B2738DF00644F24 /* Images.xcassets */; };
		6A0423711B2738DF00644F24 /* LaunchScreen.xib in Resources */ = {isa = PBXBuildFile; fileRef = 6A04236F1B2738DF00644F24 /* LaunchScreen.xib */; };
		6A04237D1B2738DF00644F24 /* PostcardTests.swift in Sources */ = {isa = PBXBuildFile; fileRef = 6A04237C1B2738DF00644F24 /* PostcardTests.swift */; };
		6A0423871B273F2700644F24 /* SagradaFamilia.jpeg in Resources */ = {isa = PBXBuildFile; fileRef = 6A0423861B273F2700644F24 /* SagradaFamilia.jpeg */; };
		6A0423891B27419700644F24 /* AlbertEinsteinStamp.jpg in Resources */ = {isa = PBXBuildFile; fileRef = 6A0423881B27419700644F24 /* AlbertEinsteinStamp.jpg */; };
/* End PBXBuildFile section */

/* Begin PBXContainerItemProxy section */
		6A0423771B2738DF00644F24 /* PBXContainerItemProxy */ = {
			isa = PBXContainerItemProxy;
			containerPortal = 6A0423591B2738DF00644F24 /* Project object */;
			proxyType = 1;
			remoteGlobalIDString = 6A0423601B2738DF00644F24;
			remoteInfo = Postcard;
		};
/* End PBXContainerItemProxy section */

/* Begin PBXFileReference section */
		6A0423611B2738DF00644F24 /* Postcard.app */ = {isa = PBXFileReference; explicitFileType = wrapper.application; includeInIndex = 0; path = Postcard.app; sourceTree = BUILT_PRODUCTS_DIR; };
		6A0423651B2738DF00644F24 /* Info.plist */ = {isa = PBXFileReference; lastKnownFileType = text.plist.xml; path = Info.plist; sourceTree = "<group>"; };
		6A0423661B2738DF00644F24 /* AppDelegate.swift */ = {isa = PBXFileReference; lastKnownFileType = sourcecode.swift; path = AppDelegate.swift; sourceTree = "<group>"; };
		6A0423681B2738DF00644F24 /* ViewController.swift */ = {isa = PBXFileReference; lastKnownFileType = sourcecode.swift; path = ViewController.swift; sourceTree = "<group>"; };
		6A04236B1B2738DF00644F24 /* Base */ = {isa = PBXFileReference; lastKnownFileType = file.storyboard; name = Base; path = Base.lproj/Main.storyboard; sourceTree = "<group>"; };
		6A04236D1B2738DF00644F24 /* Images.xcassets */ = {isa = PBXFileReference; lastKnownFileType = folder.assetcatalog; path = Images.xcassets; sourceTree = "<group>"; };
		6A0423701B2738DF00644F24 /* Base */ = {isa = PBXFileReference; lastKnownFileType = file.xib; name = Base; path = Base.lproj/LaunchScreen.xib; sourceTree = "<group>"; };
		6A0423761B2738DF00644F24 /* PostcardTests.xctest */ = {isa = PBXFileReference; explicitFileType = wrapper.cfbundle; includeInIndex = 0; path = PostcardTests.xctest; sourceTree = BUILT_PRODUCTS_DIR; };
		6A04237B1B2738DF00644F24 /* Info.plist */ = {isa = PBXFileReference; lastKnownFileType = text.plist.xml; path = Info.plist; sourceTree = "<group>"; };
		6A04237C1B2738DF00644F24 /* PostcardTests.swift */ = {isa = PBXFileReference; lastKnownFileType = sourcecode.swift; path = PostcardTests.swift; sourceTree = "<group>"; };
		6A0423861B273F2700644F24 /* SagradaFamilia.jpeg */ = {isa = PBXFileReference; lastKnownFileType = image.jpeg; path = SagradaFamilia.jpeg; sourceTree = "<group>"; };
		6A0423881B27419700644F24 /* AlbertEinsteinStamp.jpg */ = {isa = PBXFileReference; lastKnownFileType = image.jpeg; path = AlbertEinsteinStamp.jpg; sourceTree = "<group>"; };
/* End PBXFileReference section */

/* Begin PBXFrameworksBuildPhase section */
		6A04235E1B2738DF00644F24 /* Frameworks */ = {
			isa = PBXFrameworksBuildPhase;
			buildActionMask = 2147483647;
			files = (
			);
			runOnlyForDeploymentPostprocessing = 0;
		};
		6A0423731B2738DF00644F24 /* Frameworks */ = {
			isa = PBXFrameworksBuildPhase;
			buildActionMask = 2147483647;
			files = (
			);
			runOnlyForDeploymentPostprocessing = 0;
		};
/* End PBXFrameworksBuildPhase section */

/* Begin PBXGroup section */
		6A0423581B2738DE00644F24 = {
			isa = PBXGroup;
			children = (
				6A0423631B2738DF00644F24 /* Postcard */,
				6A0423791B2738DF00644F24 /* PostcardTests */,
				6A0423621B2738DF00644F24 /* Products */,
			);
			sourceTree = "<group>";
		};
		6A0423621B2738DF00644F24 /* Products */ = {
			isa = PBXGroup;
			children = (
				6A0423611B2738DF00644F24 /* Postcard.app */,
				6A0423761B2738DF00644F24 /* PostcardTests.xctest */,
			);
			name = Products;
			sourceTree = "<group>";
		};
		6A0423631B2738DF00644F24 /* Postcard */ = {
			isa = PBXGroup;
			children = (
				6A0423661B2738DF00644F24 /* AppDelegate.swift */,
				6A0423681B2738DF00644F24 /* ViewController.swift */,
				6A04236A1B2738DF00644F24 /* Main.storyboard */,
				6A04236D1B2738DF00644F24 /* Images.xcassets */,
				6A04236F1B2738DF00644F24 /* LaunchScreen.xib */,
				6A0423641B2738DF00644F24 /* Supporting Files */,
			);
			path = Postcard;
			sourceTree = "<group>";
		};
		6A0423641B2738DF00644F24 /* Supporting Files */ = {
			isa = PBXGroup;
			children = (
				6A0423881B27419700644F24 /* AlbertEinsteinStamp.jpg */,
				6A0423861B273F2700644F24 /* SagradaFamilia.jpeg */,
				6A0423651B2738DF00644F24 /* Info.plist */,
			);
			name = "Supporting Files";
			sourceTree = "<group>";
		};
		6A0423791B2738DF00644F24 /* PostcardTests */ = {
			isa = PBXGroup;
			children = (
				6A04237C1B2738DF00644F24 /* PostcardTests.swift */,
				6A04237A1B2738DF00644F24 /* Supporting Files */,
			);
			path = PostcardTests;
			sourceTree = "<group>";
		};
		6A04237A1B2738DF00644F24 /* Supporting Files */ = {
			isa = PBXGroup;
			children = (
				6A04237B1B2738DF00644F24 /* Info.plist */,
			);
			name = "Supporting Files";
			sourceTree = "<group>";
		};
/* End PBXGroup section */

/* Begin PBXNativeTarget section */
		6A0423601B2738DF00644F24 /* Postcard */ = {
			isa = PBXNativeTarget;
			buildConfigurationList = 6A0423801B2738DF00644F24 /* Build configuration list for PBXNativeTarget "Postcard" */;
			buildPhases = (
				6A04235D1B2738DF00644F24 /* Sources */,
				6A04235E1B2738DF00644F24 /* Frameworks */,
				6A04235F1B2738DF00644F24 /* Resources */,
			);
			buildRules = (
			);
			dependencies = (
			);
			name = Postcard;
			productName = Postcard;
			productReference = 6A0423611B2738DF00644F24 /* Postcard.app */;
			productType = "com.apple.product-type.application";
		};
		6A0423751B2738DF00644F24 /* PostcardTests */ = {
			isa = PBXNativeTarget;
			buildConfigurationList = 6A0423831B2738DF00644F24 /* Build configuration list for PBXNativeTarget "PostcardTests" */;
			buildPhases = (
				6A0423721B2738DF00644F24 /* Sources */,
				6A0423731B2738DF00644F24 /* Frameworks */,
				6A0423741B2738DF00644F24 /* Resources */,
			);
			buildRules = (
			);
			dependencies = (
				6A0423781B2738DF00644F24 /* PBXTargetDependency */,
			);
			name = PostcardTests;
			productName = PostcardTests;
			productReference = 6A0423761B2738DF00644F24 /* PostcardTests.xctest */;
			productType = "com.apple.product-type.bundle.unit-test";
		};
/* End PBXNativeTarget section */

/* Begin PBXProject section */
		6A0423591B2738DF00644F24 /* Project object */ = {
			isa = PBXProject;
			attributes = {
				LastUpgradeCheck = 0630;
				ORGANIZATIONNAME = "Eric Murrell";
				TargetAttributes = {
					6A0423601B2738DF00644F24 = {
						CreatedOnToolsVersion = 6.3.2;
					};
					6A0423751B2738DF00644F24 = {
						CreatedOnToolsVersion = 6.3.2;
						TestTargetID = 6A0423601B2738DF00644F24;
					};
				};
			};
			buildConfigurationList = 6A04235C1B2738DF00644F24 /* Build configuration list for PBXProject "Postcard" */;
			compatibilityVersion = "Xcode 3.2";
			developmentRegion = English;
			hasScannedForEncodings = 0;
			knownRegions = (
				en,
				Base,
			);
			mainGroup = 6A0423581B2738DE00644F24;
			productRefGroup = 6A0423621B2738DF00644F24 /* Products */;
			projectDirPath = "";
			projectRoot = "";
			targets = (
				6A0423601B2738DF00644F24 /* Postcard */,
				6A0423751B2738DF00644F24 /* PostcardTests */,
			);
		};
/* End PBXProject section */

/* Begin PBXResourcesBuildPhase section */
		6A04235F1B2738DF00644F24 /* Resources */ = {
			isa = PBXResourcesBuildPhase;
			buildActionMask = 2147483647;
			files = (
				6A04236C1B2738DF00644F24 /* Main.storyboard in Resources */,
				6A0423871B273F2700644F24 /* SagradaFamilia.jpeg in Resources */,
				6A0423891B27419700644F24 /* AlbertEinsteinStamp.jpg in Resources */,
				6A0423711B2738DF00644F24 /* LaunchScreen.xib in Resources */,
				6A04236E1B2738DF00644F24 /* Images.xcassets in Resources */,
			);
			runOnlyForDeploymentPostprocessing = 0;
		};
		6A0423741B2738DF00644F24 /* Resources */ = {
			isa = PBXResourcesBuildPhase;
			buildActionMask = 2147483647;
			files = (
			);
			runOnlyForDeploymentPostprocessing = 0;
		};
/* End PBXResourcesBuildPhase section */

/* Begin PBXSourcesBuildPhase section */
		6A04235D1B2738DF00644F24 /* Sources */ = {
			isa = PBXSourcesBuildPhase;
			buildActionMask = 2147483647;
			files = (
				6A0423691B2738DF00644F24 /* ViewController.swift in Sources */,
				6A0423671B2738DF00644F24 /* AppDelegate.swift in Sources */,
			);
			runOnlyForDeploymentPostprocessing = 0;
		};
		6A0423721B2738DF00644F24 /* Sources */ = {
			isa = PBXSourcesBuildPhase;
			buildActionMask = 2147483647;
			files = (
				6A04237D1B2738DF00644F24 /* PostcardTests.swift in Sources */,
			);
			runOnlyForDeploymentPostprocessing = 0;
		};
/* End PBXSourcesBuildPhase section */

/* Begin PBXTargetDependency section */
		6A0423781B2738DF00644F24 /* PBXTargetDependency */ = {
			isa = PBXTargetDependency;
			target = 6A0423601B2738DF00644F24 /* Postcard */;
			targetProxy = 6A0423771B2738DF00644F24 /* PBXContainerItemProxy */;
		};
/* End PBXTargetDependency section */

/* Begin PBXVariantGroup section */
		6A04236A1B2738DF00644F24 /* Main.storyboard */ = {
			isa = PBXVariantGroup;
			children = (
				6A04236B1B2738DF00644F24 /* Base */,
			);
			name = Main.storyboard;
			sourceTree = "<group>";
		};
		6A04236F1B2738DF00644F24 /* LaunchScreen.xib */ = {
			isa = PBXVariantGroup;
			children = (
				6A0423701B2738DF00644F24 /* Base */,
			);
			name = LaunchScreen.xib;
			sourceTree = "<group>";
		};
/* End PBXVariantGroup section */

/* Begin XCBuildConfiguration section */
		6A04237E1B2738DF00644F24 /* Debug */ = {
			isa = XCBuildConfiguration;
			buildSettings = {
				ALWAYS_SEARCH_USER_PATHS = NO;
				CLANG_CXX_LANGUAGE_STANDARD = "gnu++0x";
				CLANG_CXX_LIBRARY = "libc++";
				CLANG_ENABLE_MODULES = YES;
				CLANG_ENABLE_OBJC_ARC = YES;
				CLANG_WARN_BOOL_CONVERSION = YES;
				CLANG_WARN_CONSTANT_CONVERSION = YES;
				CLANG_WARN_DIRECT_OBJC_ISA_USAGE = YES_ERROR;
				CLANG_WARN_EMPTY_BODY = YES;
				CLANG_WARN_ENUM_CONVERSION = YES;
				CLANG_WARN_INT_CONVERSION = YES;
				CLANG_WARN_OBJC_ROOT_CLASS = YES_ERROR;
				CLANG_WARN_UNREACHABLE_CODE = YES;
				CLANG_WARN__DUPLICATE_METHOD_MATCH = YES;
				"CODE_SIGN_IDENTITY[sdk=iphoneos*]" = "iPhone Developer";
				COPY_PHASE_STRIP = NO;
				DEBUG_INFORMATION_FORMAT = "dwarf-with-dsym";
				ENABLE_STRICT_OBJC_MSGSEND = YES;
				GCC_C_LANGUAGE_STANDARD = gnu99;
				GCC_DYNAMIC_NO_PIC = NO;
				GCC_NO_COMMON_BLOCKS = YES;
				GCC_OPTIMIZATION_LEVEL = 0;
				GCC_PREPROCESSOR_DEFINITIONS = (
					"DEBUG=1",
					"$(inherited)",
				);
				GCC_SYMBOLS_PRIVATE_EXTERN = NO;
				GCC_WARN_64_TO_32_BIT_CONVERSION = YES;
				GCC_WARN_ABOUT_RETURN_TYPE = YES_ERROR;
				GCC_WARN_UNDECLARED_SELECTOR = YES;
				GCC_WARN_UNINITIALIZED_AUTOS = YES_AGGRESSIVE;
				GCC_WARN_UNUSED_FUNCTION = YES;
				GCC_WARN_UNUSED_VARIABLE = YES;
				IPHONEOS_DEPLOYMENT_TARGET = 8.3;
				MTL_ENABLE_DEBUG_INFO = YES;
				ONLY_ACTIVE_ARCH = YES;
				SDKROOT = iphoneos;
				SWIFT_OPTIMIZATION_LEVEL = "-Onone";
				TARGETED_DEVICE_FAMILY = "1,2";
			};
			name = Debug;
		};
		6A04237F1B2738DF00644F24 /* Release */ = {
			isa = XCBuildConfiguration;
			buildSettings = {
				ALWAYS_SEARCH_USER_PATHS = NO;
				CLANG_CXX_LANGUAGE_STANDARD = "gnu++0x";
				CLANG_CXX_LIBRARY = "libc++";
				CLANG_ENABLE_MODULES = YES;
				CLANG_ENABLE_OBJC_ARC = YES;
				CLANG_WARN_BOOL_CONVERSION = YES;
				CLANG_WARN_CONSTANT_CONVERSION = YES;
				CLANG_WARN_DIRECT_OBJC_ISA_USAGE = YES_ERROR;
				CLANG_WARN_EMPTY_BODY = YES;
				CLANG_WARN_ENUM_CONVERSION = YES;
				CLANG_WARN_INT_CONVERSION = YES;
				CLANG_WARN_OBJC_ROOT_CLASS = YES_ERROR;
				CLANG_WARN_UNREACHABLE_CODE = YES;
				CLANG_WARN__DUPLICATE_METHOD_MATCH = YES;
				"CODE_SIGN_IDENTITY[sdk=iphoneos*]" = "iPhone Developer";
				COPY_PHASE_STRIP = NO;
				DEBUG_INFORMATION_FORMAT = "dwarf-with-dsym";
				ENABLE_NS_ASSERTIONS = NO;
				ENABLE_STRICT_OBJC_MSGSEND = YES;
				GCC_C_LANGUAGE_STANDARD = gnu99;
				GCC_NO_COMMON_BLOCKS = YES;
				GCC_WARN_64_TO_32_BIT_CONVERSION = YES;
				GCC_WARN_ABOUT_RETURN_TYPE = YES_ERROR;
				GCC_WARN_UNDECLARED_SELECTOR = YES;
				GCC_WARN_UNINITIALIZED_AUTOS = YES_AGGRESSIVE;
				GCC_WARN_UNUSED_FUNCTION = YES;
				GCC_WARN_UNUSED_VARIABLE = YES;
				IPHONEOS_DEPLOYMENT_TARGET = 8.3;
				MTL_ENABLE_DEBUG_INFO = NO;
				SDKROOT = iphoneos;
				TARGETED_DEVICE_FAMILY = "1,2";
				VALIDATE_PRODUCT = YES;
			};
			name = Release;
		};
		6A0423811B2738DF00644F24 /* Debug */ = {
			isa = XCBuildConfiguration;
			buildSettings = {
				ASSETCATALOG_COMPILER_APPICON_NAME = AppIcon;
				INFOPLIST_FILE = Postcard/Info.plist;
				LD_RUNPATH_SEARCH_PATHS = "$(inherited) @executable_path/Frameworks";
				PRODUCT_NAME = "$(TARGET_NAME)";
			};
			name = Debug;
		};
		6A0423821B2738DF00644F24 /* Release */ = {
			isa = XCBuildConfiguration;
			buildSettings = {
				ASSETCATALOG_COMPILER_APPICON_NAME = AppIcon;
				INFOPLIST_FILE = Postcard/Info.plist;
				LD_RUNPATH_SEARCH_PATHS = "$(inherited) @executable_path/Frameworks";
				PRODUCT_NAME = "$(TARGET_NAME)";
			};
			name = Release;
		};
		6A0423841B2738DF00644F24 /* Debug */ = {
			isa = XCBuildConfiguration;
			buildSettings = {
				BUNDLE_LOADER = "$(TEST_HOST)";
				FRAMEWORK_SEARCH_PATHS = (
					"$(SDKROOT)/Developer/Library/Frameworks",
					"$(inherited)",
				);
				GCC_PREPROCESSOR_DEFINITIONS = (
					"DEBUG=1",
					"$(inherited)",
				);
				INFOPLIST_FILE = PostcardTests/Info.plist;
				LD_RUNPATH_SEARCH_PATHS = "$(inherited) @executable_path/Frameworks @loader_path/Frameworks";
				PRODUCT_NAME = "$(TARGET_NAME)";
				TEST_HOST = "$(BUILT_PRODUCTS_DIR)/Postcard.app/Postcard";
			};
			name = Debug;
		};
		6A0423851B2738DF00644F24 /* Release */ = {
			isa = XCBuildConfiguration;
			buildSettings = {
				BUNDLE_LOADER = "$(TEST_HOST)";
				FRAMEWORK_SEARCH_PATHS = (
					"$(SDKROOT)/Developer/Library/Frameworks",
					"$(inherited)",
				);
				INFOPLIST_FILE = PostcardTests/Info.plist;
				LD_RUNPATH_SEARCH_PATHS = "$(inherited) @executable_path/Frameworks @loader_path/Frameworks";
				PRODUCT_NAME = "$(TARGET_NAME)";
				TEST_HOST = "$(BUILT_PRODUCTS_DIR)/Postcard.app/Postcard";
			};
			name = Release;
		};
/* End XCBuildConfiguration section */

/* Begin XCConfigurationList section */
		6A04235C1B2738DF00644F24 /* Build configuration list for PBXProject "Postcard" */ = {
			isa = XCConfigurationList;
			buildConfigurations = (
				6A04237E1B2738DF00644F24 /* Debug */,
				6A04237F1B2738DF00644F24 /* Release */,
			);
			defaultConfigurationIsVisible = 0;
			defaultConfigurationName = Release;
		};
		6A0423801B2738DF00644F24 /* Build configuration list for PBXNativeTarget "Postcard" */ = {
			isa = XCConfigurationList;
			buildConfigurations = (
				6A0423811B2738DF00644F24 /* Debug */,
				6A0423821B2738DF00644F24 /* Release */,
			);
			defaultConfigurationIsVisible = 0;
		};
		6A0423831B2738DF00644F24 /* Build configuration list for PBXNativeTarget "PostcardTests" */ = {
			isa = XCConfigurationList;
			buildConfigurations = (
				6A0423841B2738DF00644F24 /* Debug */,
				6A0423851B2738DF00644F24 /* Release */,
			);
			defaultConfigurationIsVisible = 0;
		};
/* End XCConfigurationList section */
	};
	rootObject = 6A0423591B2738DF00644F24 /* Project object */;
}
